
Microsoft Visual Studio Solution File, Format Version 12.00
# Visual Studio 2012
Project("{FAE04EC0-301F-11D3-BF4B-00C04F79EFBC}") = "Euler#35", "Euler#35\Euler#35.csproj", "{AC344E9F-07EA-49A8-8F66-86FDE1DF7379}"
EndProject
Global
	GlobalSection(SolutionConfigurationPlatforms) = preSolution
		Debug|x86 = Debug|x86
		Release|x86 = Release|x86
	EndGlobalSection
	GlobalSection(ProjectConfigurationPlatforms) = postSolution
		{AC344E9F-07EA-49A8-8F66-86FDE1DF7379}.Debug|x86.ActiveCfg = Debug|x86
		{AC344E9F-07EA-49A8-8F66-86FDE1DF7379}.Debug|x86.Build.0 = Debug|x86
		{AC344E9F-07EA-49A8-8F66-86FDE1DF7379}.Release|x86.ActiveCfg = Release|x86
		{AC344E9F-07EA-49A8-8F66-86FDE1DF7379}.Release|x86.Build.0 = Release|x86
	EndGlobalSection
EndGlobal
