
Microsoft Visual Studio Solution File, Format Version 12.00
# Visual Studio 2012
Project("{FAE04EC0-301F-11D3-BF4B-00C04F79EFBC}") = "Euler#41", "Euler#41\Euler#41.csproj", "{C1A60365-F679-4D5C-B245-778C50046915}"
EndProject
Global
	GlobalSection(SolutionConfigurationPlatforms) = preSolution
		Debug|x86 = Debug|x86
		Release|x86 = Release|x86
	EndGlobalSection
	GlobalSection(ProjectConfigurationPlatforms) = postSolution
		{C1A60365-F679-4D5C-B245-778C50046915}.Debug|x86.ActiveCfg = Debug|x86
		{C1A60365-F679-4D5C-B245-778C50046915}.Debug|x86.Build.0 = Debug|x86
		{C1A60365-F679-4D5C-B245-778C50046915}.Release|x86.ActiveCfg = Release|x86
		{C1A60365-F679-4D5C-B245-778C50046915}.Release|x86.Build.0 = Release|x86
	EndGlobalSection
EndGlobal
